
Microsoft Visual Studio Solution File, Format Version 12.00
# Visual Studio Version 17
VisualStudioVersion = 17.12.35707.178 d17.12
MinimumVisualStudioVersion = 10.0.40219.1
Project("{FAE04EC0-301F-11D3-BF4B-00C04F79EFBC}") = "For_Dongus_Pratik", "For_Dongus_Pratik\For_Dongus_Pratik.csproj", "{DE57B4E0-27CF-4EDF-8054-D4F1FA577C9D}"
EndProject
Global
	GlobalSection(SolutionConfigurationPlatforms) = preSolution
		Debug|Any CPU = Debug|Any CPU
		Release|Any CPU = Release|Any CPU
	EndGlobalSection
	GlobalSection(ProjectConfigurationPlatforms) = postSolution
		{DE57B4E0-27CF-4EDF-8054-D4F1FA577C9D}.Debug|Any CPU.ActiveCfg = Debug|Any CPU
		{DE57B4E0-27CF-4EDF-8054-D4F1FA577C9D}.Debug|Any CPU.Build.0 = Debug|Any CPU
		{DE57B4E0-27CF-4EDF-8054-D4F1FA577C9D}.Release|Any CPU.ActiveCfg = Release|Any CPU
		{DE57B4E0-27CF-4EDF-8054-D4F1FA577C9D}.Release|Any CPU.Build.0 = Release|Any CPU
	EndGlobalSection
	GlobalSection(SolutionProperties) = preSolution
		HideSolutionNode = FALSE
	EndGlobalSection
EndGlobal
