
Microsoft Visual Studio Solution File, Format Version 12.00
# Visual Studio Version 17
VisualStudioVersion = 17.12.35514.174 d17.12
MinimumVisualStudioVersion = 10.0.40219.1
Project("{FAE04EC0-301F-11D3-BF4B-00C04F79EFBC}") = "String_Metotlari", "String_Metotlari\String_Metotlari.csproj", "{DA5F6522-4160-4BF9-BFEC-C24C7AC444EE}"
EndProject
Global
	GlobalSection(SolutionConfigurationPlatforms) = preSolution
		Debug|Any CPU = Debug|Any CPU
		Release|Any CPU = Release|Any CPU
	EndGlobalSection
	GlobalSection(ProjectConfigurationPlatforms) = postSolution
		{DA5F6522-4160-4BF9-BFEC-C24C7AC444EE}.Debug|Any CPU.ActiveCfg = Debug|Any CPU
		{DA5F6522-4160-4BF9-BFEC-C24C7AC444EE}.Debug|Any CPU.Build.0 = Debug|Any CPU
		{DA5F6522-4160-4BF9-BFEC-C24C7AC444EE}.Release|Any CPU.ActiveCfg = Release|Any CPU
		{DA5F6522-4160-4BF9-BFEC-C24C7AC444EE}.Release|Any CPU.Build.0 = Release|Any CPU
	EndGlobalSection
	GlobalSection(SolutionProperties) = preSolution
		HideSolutionNode = FALSE
	EndGlobalSection
EndGlobal
